
Microsoft Visual Studio Solution File, Format Version 12.00
# Visual Studio Version 16
VisualStudioVersion = 16.0.30523.141
MinimumVisualStudioVersion = 10.0.40219.1
Project("{FAE04EC0-301F-11D3-BF4B-00C04F79EFBC}") = "Trabajo 2", "Trabajo 2.csproj", "{E11F67F7-02B6-44E7-A48B-1664DBC9A9C3}"
EndProject
Global
	GlobalSection(SolutionConfigurationPlatforms) = preSolution
		Debug|Any CPU = Debug|Any CPU
		Release|Any CPU = Release|Any CPU
	EndGlobalSection
	GlobalSection(ProjectConfigurationPlatforms) = postSolution
		{E11F67F7-02B6-44E7-A48B-1664DBC9A9C3}.Debug|Any CPU.ActiveCfg = Debug|Any CPU
		{E11F67F7-02B6-44E7-A48B-1664DBC9A9C3}.Debug|Any CPU.Build.0 = Debug|Any CPU
		{E11F67F7-02B6-44E7-A48B-1664DBC9A9C3}.Release|Any CPU.ActiveCfg = Release|Any CPU
		{E11F67F7-02B6-44E7-A48B-1664DBC9A9C3}.Release|Any CPU.Build.0 = Release|Any CPU
	EndGlobalSection
	GlobalSection(SolutionProperties) = preSolution
		HideSolutionNode = FALSE
	EndGlobalSection
	GlobalSection(ExtensibilityGlobals) = postSolution
		SolutionGuid = {5465EC66-6AA2-476A-86C3-F578626E67C4}
	EndGlobalSection
EndGlobal
